{
  "name": "techiepie",
  "version": "1.0.0",
  "lockfileVersion": 1,
  "requires": true,
  "dependencies": {
    "minimist": {
      "version": "1.2.5",
      "resolved": "https://registry.npmjs.org/minimist/-/minimist-1.2.5.tgz",
      "integrity": "sha512-FM9nNUYrRBAELZQT3xeZQ7fmMOBg6nWNmJKTcgsJeaLstP/UODVpGsr5OhXhhXg6f+qtJ8uiZ+PUxkDWcgIXLw=="
    },
    "push-dir": {
      "version": "0.4.1",
      "resolved": "https://registry.npmjs.org/push-dir/-/push-dir-0.4.1.tgz",
      "integrity": "sha1-KUgerNnCEGu7eUHbbTfRIqBx7LQ=",
      "requires": {
        "minimist": "^1.2.0"
      }
    }
  }
}
